// !$*UTF8*$!
{
	archiveVersion = 1;
	classes = {
	};
	objectVersion = 50;
	objects = {

/* Begin PBXBuildFile section */
		9BF54CC4210A6281006C3EAD /* main.swift in Sources */ = {isa = PBXBuildFile; fileRef = 9BF54CC3210A6281006C3EAD /* main.swift */; };
		9BF54CCB210A62A5006C3EAD /* Vehicle.swift in Sources */ = {isa = PBXBuildFile; fileRef = 9BF54CCA210A62A5006C3EAD /* Vehicle.swift */; };
		9BF54CCD210A62C5006C3EAD /* Car.swift in Sources */ = {isa = PBXBuildFile; fileRef = 9BF54CCC210A62C5006C3EAD /* Car.swift */; };
		9BF54CCF210A635E006C3EAD /* Employee.swift in Sources */ = {isa = PBXBuildFile; fileRef = 9BF54CCE210A635E006C3EAD /* Employee.swift */; };
		9BF54CD1210A6380006C3EAD /* FullTime.swift in Sources */ = {isa = PBXBuildFile; fileRef = 9BF54CD0210A6380006C3EAD /* FullTime.swift */; };
		9BF54CD3210A6391006C3EAD /* PartTime.swift in Sources */ = {isa = PBXBuildFile; fileRef = 9BF54CD2210A6391006C3EAD /* PartTime.swift */; };
		9BF54CD5210A639D006C3EAD /* Intern.swift in Sources */ = {isa = PBXBuildFile; fileRef = 9BF54CD4210A639D006C3EAD /* Intern.swift */; };
		9BF54CD7210A63C1006C3EAD /* CommisionBasedPartTime.swift in Sources */ = {isa = PBXBuildFile; fileRef = 9BF54CD6210A63C1006C3EAD /* CommisionBasedPartTime.swift */; };
/* End PBXBuildFile section */

/* Begin PBXCopyFilesBuildPhase section */
		9BF54CBE210A6281006C3EAD /* CopyFiles */ = {
			isa = PBXCopyFilesBuildPhase;
			buildActionMask = 2147483647;
			dstPath = /usr/share/man/man1/;
			dstSubfolderSpec = 0;
			files = (
			);
			runOnlyForDeploymentPostprocessing = 1;
		};
/* End PBXCopyFilesBuildPhase section */

/* Begin PBXFileReference section */
		9BF54CC0210A6281006C3EAD /* Payroll_System */ = {isa = PBXFileReference; explicitFileType = "compiled.mach-o.executable"; includeInIndex = 0; path = Payroll_System; sourceTree = BUILT_PRODUCTS_DIR; };
		9BF54CC3210A6281006C3EAD /* main.swift */ = {isa = PBXFileReference; lastKnownFileType = sourcecode.swift; path = main.swift; sourceTree = "<group>"; };
		9BF54CCA210A62A5006C3EAD /* Vehicle.swift */ = {isa = PBXFileReference; lastKnownFileType = sourcecode.swift; path = Vehicle.swift; sourceTree = "<group>"; };
		9BF54CCC210A62C5006C3EAD /* Car.swift */ = {isa = PBXFileReference; lastKnownFileType = sourcecode.swift; path = Car.swift; sourceTree = "<group>"; };
		9BF54CCE210A635E006C3EAD /* Employee.swift */ = {isa = PBXFileReference; lastKnownFileType = sourcecode.swift; path = Employee.swift; sourceTree = "<group>"; };
		9BF54CD0210A6380006C3EAD /* FullTime.swift */ = {isa = PBXFileReference; lastKnownFileType = sourcecode.swift; path = FullTime.swift; sourceTree = "<group>"; };
		9BF54CD2210A6391006C3EAD /* PartTime.swift */ = {isa = PBXFileReference; lastKnownFileType = sourcecode.swift; path = PartTime.swift; sourceTree = "<group>"; };
		9BF54CD4210A639D006C3EAD /* Intern.swift */ = {isa = PBXFileReference; lastKnownFileType = sourcecode.swift; path = Intern.swift; sourceTree = "<group>"; };
		9BF54CD6210A63C1006C3EAD /* CommisionBasedPartTime.swift */ = {isa = PBXFileReference; lastKnownFileType = sourcecode.swift; path = CommisionBasedPartTime.swift; sourceTree = "<group>"; };
/* End PBXFileReference section */

/* Begin PBXFrameworksBuildPhase section */
		9BF54CBD210A6281006C3EAD /* Frameworks */ = {
			isa = PBXFrameworksBuildPhase;
			buildActionMask = 2147483647;
			files = (
			);
			runOnlyForDeploymentPostprocessing = 0;
		};
/* End PBXFrameworksBuildPhase section */

/* Begin PBXGroup section */
		9BF54CB7210A6281006C3EAD = {
			isa = PBXGroup;
			children = (
				9BF54CC2210A6281006C3EAD /* Payroll_System */,
				9BF54CC1210A6281006C3EAD /* Products */,
			);
			sourceTree = "<group>";
		};
		9BF54CC1210A6281006C3EAD /* Products */ = {
			isa = PBXGroup;
			children = (
				9BF54CC0210A6281006C3EAD /* Payroll_System */,
			);
			name = Products;
			sourceTree = "<group>";
		};
		9BF54CC2210A6281006C3EAD /* Payroll_System */ = {
			isa = PBXGroup;
			children = (
				9BF54CC3210A6281006C3EAD /* main.swift */,
				9BF54CCA210A62A5006C3EAD /* Vehicle.swift */,
				9BF54CCC210A62C5006C3EAD /* Car.swift */,
				9BF54CCE210A635E006C3EAD /* Employee.swift */,
				9BF54CD0210A6380006C3EAD /* FullTime.swift */,
				9BF54CD2210A6391006C3EAD /* PartTime.swift */,
				9BF54CD4210A639D006C3EAD /* Intern.swift */,
				9BF54CD6210A63C1006C3EAD /* CommisionBasedPartTime.swift */,
			);
			path = Payroll_System;
			sourceTree = "<group>";
		};
/* End PBXGroup section */

/* Begin PBXNativeTarget section */
		9BF54CBF210A6281006C3EAD /* Payroll_System */ = {
			isa = PBXNativeTarget;
			buildConfigurationList = 9BF54CC7210A6281006C3EAD /* Build configuration list for PBXNativeTarget "Payroll_System" */;
			buildPhases = (
				9BF54CBC210A6281006C3EAD /* Sources */,
				9BF54CBD210A6281006C3EAD /* Frameworks */,
				9BF54CBE210A6281006C3EAD /* CopyFiles */,
			);
			buildRules = (
			);
			dependencies = (
			);
			name = Payroll_System;
			productName = Payroll_System;
			productReference = 9BF54CC0210A6281006C3EAD /* Payroll_System */;
			productType = "com.apple.product-type.tool";
		};
/* End PBXNativeTarget section */

/* Begin PBXProject section */
		9BF54CB8210A6281006C3EAD /* Project object */ = {
			isa = PBXProject;
			attributes = {
				LastSwiftUpdateCheck = 0930;
				LastUpgradeCheck = 0930;
				ORGANIZATIONNAME = MacStudent;
				TargetAttributes = {
					9BF54CBF210A6281006C3EAD = {
						CreatedOnToolsVersion = 9.3;
					};
				};
			};
			buildConfigurationList = 9BF54CBB210A6281006C3EAD /* Build configuration list for PBXProject "Payroll_System" */;
			compatibilityVersion = "Xcode 9.3";
			developmentRegion = en;
			hasScannedForEncodings = 0;
			knownRegions = (
				en,
			);
			mainGroup = 9BF54CB7210A6281006C3EAD;
			productRefGroup = 9BF54CC1210A6281006C3EAD /* Products */;
			projectDirPath = "";
			projectRoot = "";
			targets = (
				9BF54CBF210A6281006C3EAD /* Payroll_System */,
			);
		};
/* End PBXProject section */

/* Begin PBXSourcesBuildPhase section */
		9BF54CBC210A6281006C3EAD /* Sources */ = {
			isa = PBXSourcesBuildPhase;
			buildActionMask = 2147483647;
			files = (
				9BF54CCB210A62A5006C3EAD /* Vehicle.swift in Sources */,
				9BF54CD5210A639D006C3EAD /* Intern.swift in Sources */,
				9BF54CD7210A63C1006C3EAD /* CommisionBasedPartTime.swift in Sources */,
				9BF54CD1210A6380006C3EAD /* FullTime.swift in Sources */,
				9BF54CCF210A635E006C3EAD /* Employee.swift in Sources */,
				9BF54CD3210A6391006C3EAD /* PartTime.swift in Sources */,
				9BF54CC4210A6281006C3EAD /* main.swift in Sources */,
				9BF54CCD210A62C5006C3EAD /* Car.swift in Sources */,
			);
			runOnlyForDeploymentPostprocessing = 0;
		};
/* End PBXSourcesBuildPhase section */

/* Begin XCBuildConfiguration section */
		9BF54CC5210A6281006C3EAD /* Debug */ = {
			isa = XCBuildConfiguration;
			buildSettings = {
				ALWAYS_SEARCH_USER_PATHS = NO;
				CLANG_ANALYZER_NONNULL = YES;
				CLANG_ANALYZER_NUMBER_OBJECT_CONVERSION = YES_AGGRESSIVE;
				CLANG_CXX_LANGUAGE_STANDARD = "gnu++14";
				CLANG_CXX_LIBRARY = "libc++";
				CLANG_ENABLE_MODULES = YES;
				CLANG_ENABLE_OBJC_ARC = YES;
				CLANG_ENABLE_OBJC_WEAK = YES;
				CLANG_WARN_BLOCK_CAPTURE_AUTORELEASING = YES;
				CLANG_WARN_BOOL_CONVERSION = YES;
				CLANG_WARN_COMMA = YES;
				CLANG_WARN_CONSTANT_CONVERSION = YES;
				CLANG_WARN_DEPRECATED_OBJC_IMPLEMENTATIONS = YES;
				CLANG_WARN_DIRECT_OBJC_ISA_USAGE = YES_ERROR;
				CLANG_WARN_DOCUMENTATION_COMMENTS = YES;
				CLANG_WARN_EMPTY_BODY = YES;
				CLANG_WARN_ENUM_CONVERSION = YES;
				CLANG_WARN_INFINITE_RECURSION = YES;
				CLANG_WARN_INT_CONVERSION = YES;
				CLANG_WARN_NON_LITERAL_NULL_CONVERSION = YES;
				CLANG_WARN_OBJC_IMPLICIT_RETAIN_SELF = YES;
				CLANG_WARN_OBJC_LITERAL_CONVERSION = YES;
				CLANG_WARN_OBJC_ROOT_CLASS = YES_ERROR;
				CLANG_WARN_RANGE_LOOP_ANALYSIS = YES;
				CLANG_WARN_STRICT_PROTOTYPES = YES;
				CLANG_WARN_SUSPICIOUS_MOVE = YES;
				CLANG_WARN_UNGUARDED_AVAILABILITY = YES_AGGRESSIVE;
				CLANG_WARN_UNREACHABLE_CODE = YES;
				CLANG_WARN__DUPLICATE_METHOD_MATCH = YES;
				CODE_SIGN_IDENTITY = "-";
				COPY_PHASE_STRIP = NO;
				DEBUG_INFORMATION_FORMAT = dwarf;
				ENABLE_STRICT_OBJC_MSGSEND = YES;
				ENABLE_TESTABILITY = YES;
				GCC_C_LANGUAGE_STANDARD = gnu11;
				GCC_DYNAMIC_NO_PIC = NO;
				GCC_NO_COMMON_BLOCKS = YES;
				GCC_OPTIMIZATION_LEVEL = 0;
				GCC_PREPROCESSOR_DEFINITIONS = (
					"DEBUG=1",
					"$(inherited)",
				);
				GCC_WARN_64_TO_32_BIT_CONVERSION = YES;
				GCC_WARN_ABOUT_RETURN_TYPE = YES_ERROR;
				GCC_WARN_UNDECLARED_SELECTOR = YES;
				GCC_WARN_UNINITIALIZED_AUTOS = YES_AGGRESSIVE;
				GCC_WARN_UNUSED_FUNCTION = YES;
				GCC_WARN_UNUSED_VARIABLE = YES;
				MACOSX_DEPLOYMENT_TARGET = 10.13;
				MTL_ENABLE_DEBUG_INFO = YES;
				ONLY_ACTIVE_ARCH = YES;
				SDKROOT = macosx;
				SWIFT_ACTIVE_COMPILATION_CONDITIONS = DEBUG;
				SWIFT_OPTIMIZATION_LEVEL = "-Onone";
			};
			name = Debug;
		};
		9BF54CC6210A6281006C3EAD /* Release */ = {
			isa = XCBuildConfiguration;
			buildSettings = {
				ALWAYS_SEARCH_USER_PATHS = NO;
				CLANG_ANALYZER_NONNULL = YES;
				CLANG_ANALYZER_NUMBER_OBJECT_CONVERSION = YES_AGGRESSIVE;
				CLANG_CXX_LANGUAGE_STANDARD = "gnu++14";
				CLANG_CXX_LIBRARY = "libc++";
				CLANG_ENABLE_MODULES = YES;
				CLANG_ENABLE_OBJC_ARC = YES;
				CLANG_ENABLE_OBJC_WEAK = YES;
				CLANG_WARN_BLOCK_CAPTURE_AUTORELEASING = YES;
				CLANG_WARN_BOOL_CONVERSION = YES;
				CLANG_WARN_COMMA = YES;
				CLANG_WARN_CONSTANT_CONVERSION = YES;
				CLANG_WARN_DEPRECATED_OBJC_IMPLEMENTATIONS = YES;
				CLANG_WARN_DIRECT_OBJC_ISA_USAGE = YES_ERROR;
				CLANG_WARN_DOCUMENTATION_COMMENTS = YES;
				CLANG_WARN_EMPTY_BODY = YES;
				CLANG_WARN_ENUM_CONVERSION = YES;
				CLANG_WARN_INFINITE_RECURSION = YES;
				CLANG_WARN_INT_CONVERSION = YES;
				CLANG_WARN_NON_LITERAL_NULL_CONVERSION = YES;
				CLANG_WARN_OBJC_IMPLICIT_RETAIN_SELF = YES;
				CLANG_WARN_OBJC_LITERAL_CONVERSION = YES;
				CLANG_WARN_OBJC_ROOT_CLASS = YES_ERROR;
				CLANG_WARN_RANGE_LOOP_ANALYSIS = YES;
				CLANG_WARN_STRICT_PROTOTYPES = YES;
				CLANG_WARN_SUSPICIOUS_MOVE = YES;
				CLANG_WARN_UNGUARDED_AVAILABILITY = YES_AGGRESSIVE;
				CLANG_WARN_UNREACHABLE_CODE = YES;
				CLANG_WARN__DUPLICATE_METHOD_MATCH = YES;
				CODE_SIGN_IDENTITY = "-";
				COPY_PHASE_STRIP = NO;
				DEBUG_INFORMATION_FORMAT = "dwarf-with-dsym";
				ENABLE_NS_ASSERTIONS = NO;
				ENABLE_STRICT_OBJC_MSGSEND = YES;
				GCC_C_LANGUAGE_STANDARD = gnu11;
				GCC_NO_COMMON_BLOCKS = YES;
				GCC_WARN_64_TO_32_BIT_CONVERSION = YES;
				GCC_WARN_ABOUT_RETURN_TYPE = YES_ERROR;
				GCC_WARN_UNDECLARED_SELECTOR = YES;
				GCC_WARN_UNINITIALIZED_AUTOS = YES_AGGRESSIVE;
				GCC_WARN_UNUSED_FUNCTION = YES;
				GCC_WARN_UNUSED_VARIABLE = YES;
				MACOSX_DEPLOYMENT_TARGET = 10.13;
				MTL_ENABLE_DEBUG_INFO = NO;
				SDKROOT = macosx;
				SWIFT_COMPILATION_MODE = wholemodule;
				SWIFT_OPTIMIZATION_LEVEL = "-O";
			};
			name = Release;
		};
		9BF54CC8210A6281006C3EAD /* Debug */ = {
			isa = XCBuildConfiguration;
			buildSettings = {
				CODE_SIGN_STYLE = Automatic;
				PRODUCT_NAME = "$(TARGET_NAME)";
				SWIFT_VERSION = 4.0;
			};
			name = Debug;
		};
		9BF54CC9210A6281006C3EAD /* Release */ = {
			isa = XCBuildConfiguration;
			buildSettings = {
				CODE_SIGN_STYLE = Automatic;
				PRODUCT_NAME = "$(TARGET_NAME)";
				SWIFT_VERSION = 4.0;
			};
			name = Release;
		};
/* End XCBuildConfiguration section */

/* Begin XCConfigurationList section */
		9BF54CBB210A6281006C3EAD /* Build configuration list for PBXProject "Payroll_System" */ = {
			isa = XCConfigurationList;
			buildConfigurations = (
				9BF54CC5210A6281006C3EAD /* Debug */,
				9BF54CC6210A6281006C3EAD /* Release */,
			);
			defaultConfigurationIsVisible = 0;
			defaultConfigurationName = Release;
		};
		9BF54CC7210A6281006C3EAD /* Build configuration list for PBXNativeTarget "Payroll_System" */ = {
			isa = XCConfigurationList;
			buildConfigurations = (
				9BF54CC8210A6281006C3EAD /* Debug */,
				9BF54CC9210A6281006C3EAD /* Release */,
			);
			defaultConfigurationIsVisible = 0;
			defaultConfigurationName = Release;
		};
/* End XCConfigurationList section */
	};
	rootObject = 9BF54CB8210A6281006C3EAD /* Project object */;
}
